// !$*UTF8*$!
{
	archiveVersion = 1;
	classes = {
	};
	objectVersion = 46;
	objects = {

/* Begin PBXBuildFile section */
		598A54DB1AC22D850038ACB2 /* AppDelegate.swift in Sources */ = {isa = PBXBuildFile; fileRef = 598A54DA1AC22D850038ACB2 /* AppDelegate.swift */; };
		598A54DD1AC22D850038ACB2 /* ViewController.swift in Sources */ = {isa = PBXBuildFile; fileRef = 598A54DC1AC22D850038ACB2 /* ViewController.swift */; };
		598A54F11AC22D850038ACB2 /* ReachTests.swift in Sources */ = {isa = PBXBuildFile; fileRef = 598A54F01AC22D850038ACB2 /* ReachTests.swift */; };
		598A54FB1AC22D910038ACB2 /* MapViewController.swift in Sources */ = {isa = PBXBuildFile; fileRef = 598A54FA1AC22D910038ACB2 /* MapViewController.swift */; };
		598A54FD1AC22D980038ACB2 /* TypesTableViewController.swift in Sources */ = {isa = PBXBuildFile; fileRef = 598A54FC1AC22D980038ACB2 /* TypesTableViewController.swift */; };
		598A54FF1AC22DAA0038ACB2 /* GoogleDataProvider.swift in Sources */ = {isa = PBXBuildFile; fileRef = 598A54FE1AC22DAA0038ACB2 /* GoogleDataProvider.swift */; };
		598A55011AC22DB60038ACB2 /* GooglePlace.swift in Sources */ = {isa = PBXBuildFile; fileRef = 598A55001AC22DB60038ACB2 /* GooglePlace.swift */; };
		598A55031AC22DBC0038ACB2 /* MarkerInfoView.swift in Sources */ = {isa = PBXBuildFile; fileRef = 598A55021AC22DBC0038ACB2 /* MarkerInfoView.swift */; };
		598A55051AC22DC80038ACB2 /* MarkerInfoView.xib in Resources */ = {isa = PBXBuildFile; fileRef = 598A55041AC22DC80038ACB2 /* MarkerInfoView.xib */; };
		598A55071AC22DCF0038ACB2 /* UIViewExtension.swift in Sources */ = {isa = PBXBuildFile; fileRef = 598A55061AC22DCF0038ACB2 /* UIViewExtension.swift */; };
		598A55091AC22DF00038ACB2 /* Main.storyboard in Resources */ = {isa = PBXBuildFile; fileRef = 598A55081AC22DF00038ACB2 /* Main.storyboard */; };
		598A550B1AC22EEC0038ACB2 /* GoogleMaps.framework in Frameworks */ = {isa = PBXBuildFile; fileRef = 598A550A1AC22EEC0038ACB2 /* GoogleMaps.framework */; };
		598A550E1AC22F440038ACB2 /* GoogleMaps.bundle in Resources */ = {isa = PBXBuildFile; fileRef = 598A550D1AC22F440038ACB2 /* GoogleMaps.bundle */; };
		598A551B1AC22FC70038ACB2 /* AVFoundation.framework in Frameworks */ = {isa = PBXBuildFile; fileRef = 598A550F1AC22FC70038ACB2 /* AVFoundation.framework */; };
		598A551C1AC22FC70038ACB2 /* CoreData.framework in Frameworks */ = {isa = PBXBuildFile; fileRef = 598A55101AC22FC70038ACB2 /* CoreData.framework */; };
		598A551D1AC22FC70038ACB2 /* CoreLocation.framework in Frameworks */ = {isa = PBXBuildFile; fileRef = 598A55111AC22FC70038ACB2 /* CoreLocation.framework */; };
		598A551E1AC22FC70038ACB2 /* CoreText.framework in Frameworks */ = {isa = PBXBuildFile; fileRef = 598A55121AC22FC70038ACB2 /* CoreText.framework */; };
		598A551F1AC22FC70038ACB2 /* GLKit.framework in Frameworks */ = {isa = PBXBuildFile; fileRef = 598A55131AC22FC70038ACB2 /* GLKit.framework */; };
		598A55201AC22FC70038ACB2 /* ImageIO.framework in Frameworks */ = {isa = PBXBuildFile; fileRef = 598A55141AC22FC70038ACB2 /* ImageIO.framework */; };
		598A55211AC22FC70038ACB2 /* libc++.dylib in Frameworks */ = {isa = PBXBuildFile; fileRef = 598A55151AC22FC70038ACB2 /* libc++.dylib */; };
		598A55221AC22FC70038ACB2 /* libicucore.dylib in Frameworks */ = {isa = PBXBuildFile; fileRef = 598A55161AC22FC70038ACB2 /* libicucore.dylib */; };
		598A55231AC22FC70038ACB2 /* libz.dylib in Frameworks */ = {isa = PBXBuildFile; fileRef = 598A55171AC22FC70038ACB2 /* libz.dylib */; };
		598A55241AC22FC70038ACB2 /* OpenGLES.framework in Frameworks */ = {isa = PBXBuildFile; fileRef = 598A55181AC22FC70038ACB2 /* OpenGLES.framework */; };
		598A55251AC22FC70038ACB2 /* QuartzCore.framework in Frameworks */ = {isa = PBXBuildFile; fileRef = 598A55191AC22FC70038ACB2 /* QuartzCore.framework */; };
		598A55261AC22FC70038ACB2 /* SystemConfiguration.framework in Frameworks */ = {isa = PBXBuildFile; fileRef = 598A551A1AC22FC70038ACB2 /* SystemConfiguration.framework */; };
		598A552B1AC236F70038ACB2 /* Images.xcassets in Resources */ = {isa = PBXBuildFile; fileRef = 598A552A1AC236F70038ACB2 /* Images.xcassets */; };
		598A552D1AC2488F0038ACB2 /* PlaceMaker.swift in Sources */ = {isa = PBXBuildFile; fileRef = 598A552C1AC2488F0038ACB2 /* PlaceMaker.swift */; };
/* End PBXBuildFile section */

/* Begin PBXContainerItemProxy section */
		598A54EB1AC22D850038ACB2 /* PBXContainerItemProxy */ = {
			isa = PBXContainerItemProxy;
			containerPortal = 598A54CD1AC22D850038ACB2 /* Project object */;
			proxyType = 1;
			remoteGlobalIDString = 598A54D41AC22D850038ACB2;
			remoteInfo = Reach;
		};
/* End PBXContainerItemProxy section */

/* Begin PBXFileReference section */
		598A54D51AC22D850038ACB2 /* Reach.app */ = {isa = PBXFileReference; explicitFileType = wrapper.application; includeInIndex = 0; path = Reach.app; sourceTree = BUILT_PRODUCTS_DIR; };
		598A54D91AC22D850038ACB2 /* Info.plist */ = {isa = PBXFileReference; lastKnownFileType = text.plist.xml; path = Info.plist; sourceTree = "<group>"; };
		598A54DA1AC22D850038ACB2 /* AppDelegate.swift */ = {isa = PBXFileReference; lastKnownFileType = sourcecode.swift; path = AppDelegate.swift; sourceTree = "<group>"; };
		598A54DC1AC22D850038ACB2 /* ViewController.swift */ = {isa = PBXFileReference; lastKnownFileType = sourcecode.swift; path = ViewController.swift; sourceTree = "<group>"; };
		598A54EA1AC22D850038ACB2 /* ReachTests.xctest */ = {isa = PBXFileReference; explicitFileType = wrapper.cfbundle; includeInIndex = 0; path = ReachTests.xctest; sourceTree = BUILT_PRODUCTS_DIR; };
		598A54EF1AC22D850038ACB2 /* Info.plist */ = {isa = PBXFileReference; lastKnownFileType = text.plist.xml; path = Info.plist; sourceTree = "<group>"; };
		598A54F01AC22D850038ACB2 /* ReachTests.swift */ = {isa = PBXFileReference; lastKnownFileType = sourcecode.swift; path = ReachTests.swift; sourceTree = "<group>"; };
		598A54FA1AC22D910038ACB2 /* MapViewController.swift */ = {isa = PBXFileReference; fileEncoding = 4; lastKnownFileType = sourcecode.swift; path = MapViewController.swift; sourceTree = "<group>"; };
		598A54FC1AC22D980038ACB2 /* TypesTableViewController.swift */ = {isa = PBXFileReference; fileEncoding = 4; lastKnownFileType = sourcecode.swift; path = TypesTableViewController.swift; sourceTree = "<group>"; };
		598A54FE1AC22DAA0038ACB2 /* GoogleDataProvider.swift */ = {isa = PBXFileReference; fileEncoding = 4; lastKnownFileType = sourcecode.swift; path = GoogleDataProvider.swift; sourceTree = "<group>"; };
		598A55001AC22DB60038ACB2 /* GooglePlace.swift */ = {isa = PBXFileReference; fileEncoding = 4; lastKnownFileType = sourcecode.swift; path = GooglePlace.swift; sourceTree = "<group>"; };
		598A55021AC22DBC0038ACB2 /* MarkerInfoView.swift */ = {isa = PBXFileReference; fileEncoding = 4; lastKnownFileType = sourcecode.swift; path = MarkerInfoView.swift; sourceTree = "<group>"; };
		598A55041AC22DC80038ACB2 /* MarkerInfoView.xib */ = {isa = PBXFileReference; fileEncoding = 4; lastKnownFileType = file.xib; path = MarkerInfoView.xib; sourceTree = "<group>"; };
		598A55061AC22DCF0038ACB2 /* UIViewExtension.swift */ = {isa = PBXFileReference; fileEncoding = 4; lastKnownFileType = sourcecode.swift; path = UIViewExtension.swift; sourceTree = "<group>"; };
		598A55081AC22DF00038ACB2 /* Main.storyboard */ = {isa = PBXFileReference; fileEncoding = 4; lastKnownFileType = file.storyboard; path = Main.storyboard; sourceTree = "<group>"; };
		598A550A1AC22EEC0038ACB2 /* GoogleMaps.framework */ = {isa = PBXFileReference; lastKnownFileType = wrapper.framework; name = GoogleMaps.framework; path = ../GoogleMaps.framework; sourceTree = "<group>"; };
		598A550D1AC22F440038ACB2 /* GoogleMaps.bundle */ = {isa = PBXFileReference; lastKnownFileType = "wrapper.plug-in"; name = GoogleMaps.bundle; path = GoogleMaps.framework/Versions/A/Resources/GoogleMaps.bundle; sourceTree = SOURCE_ROOT; };
		598A550F1AC22FC70038ACB2 /* AVFoundation.framework */ = {isa = PBXFileReference; lastKnownFileType = wrapper.framework; name = AVFoundation.framework; path = System/Library/Frameworks/AVFoundation.framework; sourceTree = SDKROOT; };
		598A55101AC22FC70038ACB2 /* CoreData.framework */ = {isa = PBXFileReference; lastKnownFileType = wrapper.framework; name = CoreData.framework; path = System/Library/Frameworks/CoreData.framework; sourceTree = SDKROOT; };
		598A55111AC22FC70038ACB2 /* CoreLocation.framework */ = {isa = PBXFileReference; lastKnownFileType = wrapper.framework; name = CoreLocation.framework; path = System/Library/Frameworks/CoreLocation.framework; sourceTree = SDKROOT; };
		598A55121AC22FC70038ACB2 /* CoreText.framework */ = {isa = PBXFileReference; lastKnownFileType = wrapper.framework; name = CoreText.framework; path = System/Library/Frameworks/CoreText.framework; sourceTree = SDKROOT; };
		598A55131AC22FC70038ACB2 /* GLKit.framework */ = {isa = PBXFileReference; lastKnownFileType = wrapper.framework; name = GLKit.framework; path = System/Library/Frameworks/GLKit.framework; sourceTree = SDKROOT; };
		598A55141AC22FC70038ACB2 /* ImageIO.framework */ = {isa = PBXFileReference; lastKnownFileType = wrapper.framework; name = ImageIO.framework; path = System/Library/Frameworks/ImageIO.framework; sourceTree = SDKROOT; };
		598A55151AC22FC70038ACB2 /* libc++.dylib */ = {isa = PBXFileReference; lastKnownFileType = "compiled.mach-o.dylib"; name = "libc++.dylib"; path = "usr/lib/libc++.dylib"; sourceTree = SDKROOT; };
		598A55161AC22FC70038ACB2 /* libicucore.dylib */ = {isa = PBXFileReference; lastKnownFileType = "compiled.mach-o.dylib"; name = libicucore.dylib; path = usr/lib/libicucore.dylib; sourceTree = SDKROOT; };
		598A55171AC22FC70038ACB2 /* libz.dylib */ = {isa = PBXFileReference; lastKnownFileType = "compiled.mach-o.dylib"; name = libz.dylib; path = usr/lib/libz.dylib; sourceTree = SDKROOT; };
		598A55181AC22FC70038ACB2 /* OpenGLES.framework */ = {isa = PBXFileReference; lastKnownFileType = wrapper.framework; name = OpenGLES.framework; path = System/Library/Frameworks/OpenGLES.framework; sourceTree = SDKROOT; };
		598A55191AC22FC70038ACB2 /* QuartzCore.framework */ = {isa = PBXFileReference; lastKnownFileType = wrapper.framework; name = QuartzCore.framework; path = System/Library/Frameworks/QuartzCore.framework; sourceTree = SDKROOT; };
		598A551A1AC22FC70038ACB2 /* SystemConfiguration.framework */ = {isa = PBXFileReference; lastKnownFileType = wrapper.framework; name = SystemConfiguration.framework; path = System/Library/Frameworks/SystemConfiguration.framework; sourceTree = SDKROOT; };
		598A55271AC2300E0038ACB2 /* Reach-Bridging-Header.h */ = {isa = PBXFileReference; lastKnownFileType = sourcecode.c.h; path = "Reach-Bridging-Header.h"; sourceTree = "<group>"; };
		598A552A1AC236F70038ACB2 /* Images.xcassets */ = {isa = PBXFileReference; lastKnownFileType = folder.assetcatalog; path = Images.xcassets; sourceTree = "<group>"; };
		598A552C1AC2488F0038ACB2 /* PlaceMaker.swift */ = {isa = PBXFileReference; fileEncoding = 4; lastKnownFileType = sourcecode.swift; path = PlaceMaker.swift; sourceTree = "<group>"; };
/* End PBXFileReference section */

/* Begin PBXFrameworksBuildPhase section */
		598A54D21AC22D850038ACB2 /* Frameworks */ = {
			isa = PBXFrameworksBuildPhase;
			buildActionMask = 2147483647;
			files = (
				598A551B1AC22FC70038ACB2 /* AVFoundation.framework in Frameworks */,
				598A551C1AC22FC70038ACB2 /* CoreData.framework in Frameworks */,
				598A551D1AC22FC70038ACB2 /* CoreLocation.framework in Frameworks */,
				598A551E1AC22FC70038ACB2 /* CoreText.framework in Frameworks */,
				598A551F1AC22FC70038ACB2 /* GLKit.framework in Frameworks */,
				598A55201AC22FC70038ACB2 /* ImageIO.framework in Frameworks */,
				598A55211AC22FC70038ACB2 /* libc++.dylib in Frameworks */,
				598A55221AC22FC70038ACB2 /* libicucore.dylib in Frameworks */,
				598A55231AC22FC70038ACB2 /* libz.dylib in Frameworks */,
				598A55241AC22FC70038ACB2 /* OpenGLES.framework in Frameworks */,
				598A55251AC22FC70038ACB2 /* QuartzCore.framework in Frameworks */,
				598A55261AC22FC70038ACB2 /* SystemConfiguration.framework in Frameworks */,
				598A550B1AC22EEC0038ACB2 /* GoogleMaps.framework in Frameworks */,
			);
			runOnlyForDeploymentPostprocessing = 0;
		};
		598A54E71AC22D850038ACB2 /* Frameworks */ = {
			isa = PBXFrameworksBuildPhase;
			buildActionMask = 2147483647;
			files = (
			);
			runOnlyForDeploymentPostprocessing = 0;
		};
/* End PBXFrameworksBuildPhase section */

/* Begin PBXGroup section */
		598A54CC1AC22D850038ACB2 = {
			isa = PBXGroup;
			children = (
				598A54D71AC22D850038ACB2 /* Reach */,
				598A54ED1AC22D850038ACB2 /* ReachTests */,
				598A54D61AC22D850038ACB2 /* Products */,
				598A550C1AC22F070038ACB2 /* Frameworks */,
				598A55271AC2300E0038ACB2 /* Reach-Bridging-Header.h */,
			);
			sourceTree = "<group>";
		};
		598A54D61AC22D850038ACB2 /* Products */ = {
			isa = PBXGroup;
			children = (
				598A54D51AC22D850038ACB2 /* Reach.app */,
				598A54EA1AC22D850038ACB2 /* ReachTests.xctest */,
			);
			name = Products;
			sourceTree = "<group>";
		};
		598A54D71AC22D850038ACB2 /* Reach */ = {
			isa = PBXGroup;
			children = (
				598A54FA1AC22D910038ACB2 /* MapViewController.swift */,
				598A552C1AC2488F0038ACB2 /* PlaceMaker.swift */,
				598A54FC1AC22D980038ACB2 /* TypesTableViewController.swift */,
				598A54FE1AC22DAA0038ACB2 /* GoogleDataProvider.swift */,
				598A55001AC22DB60038ACB2 /* GooglePlace.swift */,
				598A54DA1AC22D850038ACB2 /* AppDelegate.swift */,
				598A54DC1AC22D850038ACB2 /* ViewController.swift */,
				598A55021AC22DBC0038ACB2 /* MarkerInfoView.swift */,
				598A55041AC22DC80038ACB2 /* MarkerInfoView.xib */,
				598A55061AC22DCF0038ACB2 /* UIViewExtension.swift */,
				598A552A1AC236F70038ACB2 /* Images.xcassets */,
				598A55081AC22DF00038ACB2 /* Main.storyboard */,
				598A54D81AC22D850038ACB2 /* Supporting Files */,
			);
			path = Reach;
			sourceTree = "<group>";
		};
		598A54D81AC22D850038ACB2 /* Supporting Files */ = {
			isa = PBXGroup;
			children = (
				598A54D91AC22D850038ACB2 /* Info.plist */,
			);
			name = "Supporting Files";
			sourceTree = "<group>";
		};
		598A54ED1AC22D850038ACB2 /* ReachTests */ = {
			isa = PBXGroup;
			children = (
				598A54F01AC22D850038ACB2 /* ReachTests.swift */,
				598A54EE1AC22D850038ACB2 /* Supporting Files */,
			);
			path = ReachTests;
			sourceTree = "<group>";
		};
		598A54EE1AC22D850038ACB2 /* Supporting Files */ = {
			isa = PBXGroup;
			children = (
				598A54EF1AC22D850038ACB2 /* Info.plist */,
			);
			name = "Supporting Files";
			sourceTree = "<group>";
		};
		598A550C1AC22F070038ACB2 /* Frameworks */ = {
			isa = PBXGroup;
			children = (
				598A550F1AC22FC70038ACB2 /* AVFoundation.framework */,
				598A55101AC22FC70038ACB2 /* CoreData.framework */,
				598A55111AC22FC70038ACB2 /* CoreLocation.framework */,
				598A55121AC22FC70038ACB2 /* CoreText.framework */,
				598A55131AC22FC70038ACB2 /* GLKit.framework */,
				598A55141AC22FC70038ACB2 /* ImageIO.framework */,
				598A55151AC22FC70038ACB2 /* libc++.dylib */,
				598A55161AC22FC70038ACB2 /* libicucore.dylib */,
				598A55171AC22FC70038ACB2 /* libz.dylib */,
				598A55181AC22FC70038ACB2 /* OpenGLES.framework */,
				598A55191AC22FC70038ACB2 /* QuartzCore.framework */,
				598A551A1AC22FC70038ACB2 /* SystemConfiguration.framework */,
				598A550D1AC22F440038ACB2 /* GoogleMaps.bundle */,
				598A550A1AC22EEC0038ACB2 /* GoogleMaps.framework */,
			);
			name = Frameworks;
			path = Reach;
			sourceTree = "<group>";
		};
/* End PBXGroup section */

/* Begin PBXNativeTarget section */
		598A54D41AC22D850038ACB2 /* Reach */ = {
			isa = PBXNativeTarget;
			buildConfigurationList = 598A54F41AC22D850038ACB2 /* Build configuration list for PBXNativeTarget "Reach" */;
			buildPhases = (
				598A54D11AC22D850038ACB2 /* Sources */,
				598A54D21AC22D850038ACB2 /* Frameworks */,
				598A54D31AC22D850038ACB2 /* Resources */,
			);
			buildRules = (
			);
			dependencies = (
			);
			name = Reach;
			productName = Reach;
			productReference = 598A54D51AC22D850038ACB2 /* Reach.app */;
			productType = "com.apple.product-type.application";
		};
		598A54E91AC22D850038ACB2 /* ReachTests */ = {
			isa = PBXNativeTarget;
			buildConfigurationList = 598A54F71AC22D850038ACB2 /* Build configuration list for PBXNativeTarget "ReachTests" */;
			buildPhases = (
				598A54E61AC22D850038ACB2 /* Sources */,
				598A54E71AC22D850038ACB2 /* Frameworks */,
				598A54E81AC22D850038ACB2 /* Resources */,
			);
			buildRules = (
			);
			dependencies = (
				598A54EC1AC22D850038ACB2 /* PBXTargetDependency */,
			);
			name = ReachTests;
			productName = ReachTests;
			productReference = 598A54EA1AC22D850038ACB2 /* ReachTests.xctest */;
			productType = "com.apple.product-type.bundle.unit-test";
		};
/* End PBXNativeTarget section */

/* Begin PBXProject section */
		598A54CD1AC22D850038ACB2 /* Project object */ = {
			isa = PBXProject;
			attributes = {
				LastUpgradeCheck = 0610;
				ORGANIZATIONNAME = "Tom Price";
				TargetAttributes = {
					598A54D41AC22D850038ACB2 = {
						CreatedOnToolsVersion = 6.1.1;
					};
					598A54E91AC22D850038ACB2 = {
						CreatedOnToolsVersion = 6.1.1;
						TestTargetID = 598A54D41AC22D850038ACB2;
					};
				};
			};
			buildConfigurationList = 598A54D01AC22D850038ACB2 /* Build configuration list for PBXProject "Reach" */;
			compatibilityVersion = "Xcode 3.2";
			developmentRegion = English;
			hasScannedForEncodings = 0;
			knownRegions = (
				en,
				Base,
			);
			mainGroup = 598A54CC1AC22D850038ACB2;
			productRefGroup = 598A54D61AC22D850038ACB2 /* Products */;
			projectDirPath = "";
			projectRoot = "";
			targets = (
				598A54D41AC22D850038ACB2 /* Reach */,
				598A54E91AC22D850038ACB2 /* ReachTests */,
			);
		};
/* End PBXProject section */

/* Begin PBXResourcesBuildPhase section */
		598A54D31AC22D850038ACB2 /* Resources */ = {
			isa = PBXResourcesBuildPhase;
			buildActionMask = 2147483647;
			files = (
				598A55051AC22DC80038ACB2 /* MarkerInfoView.xib in Resources */,
				598A552B1AC236F70038ACB2 /* Images.xcassets in Resources */,
				598A55091AC22DF00038ACB2 /* Main.storyboard in Resources */,
				598A550E1AC22F440038ACB2 /* GoogleMaps.bundle in Resources */,
			);
			runOnlyForDeploymentPostprocessing = 0;
		};
		598A54E81AC22D850038ACB2 /* Resources */ = {
			isa = PBXResourcesBuildPhase;
			buildActionMask = 2147483647;
			files = (
			);
			runOnlyForDeploymentPostprocessing = 0;
		};
/* End PBXResourcesBuildPhase section */

/* Begin PBXSourcesBuildPhase section */
		598A54D11AC22D850038ACB2 /* Sources */ = {
			isa = PBXSourcesBuildPhase;
			buildActionMask = 2147483647;
			files = (
				598A55031AC22DBC0038ACB2 /* MarkerInfoView.swift in Sources */,
				598A552D1AC2488F0038ACB2 /* PlaceMaker.swift in Sources */,
				598A54FF1AC22DAA0038ACB2 /* GoogleDataProvider.swift in Sources */,
				598A54DD1AC22D850038ACB2 /* ViewController.swift in Sources */,
				598A55011AC22DB60038ACB2 /* GooglePlace.swift in Sources */,
				598A54FD1AC22D980038ACB2 /* TypesTableViewController.swift in Sources */,
				598A54FB1AC22D910038ACB2 /* MapViewController.swift in Sources */,
				598A55071AC22DCF0038ACB2 /* UIViewExtension.swift in Sources */,
				598A54DB1AC22D850038ACB2 /* AppDelegate.swift in Sources */,
			);
			runOnlyForDeploymentPostprocessing = 0;
		};
		598A54E61AC22D850038ACB2 /* Sources */ = {
			isa = PBXSourcesBuildPhase;
			buildActionMask = 2147483647;
			files = (
				598A54F11AC22D850038ACB2 /* ReachTests.swift in Sources */,
			);
			runOnlyForDeploymentPostprocessing = 0;
		};
/* End PBXSourcesBuildPhase section */

/* Begin PBXTargetDependency section */
		598A54EC1AC22D850038ACB2 /* PBXTargetDependency */ = {
			isa = PBXTargetDependency;
			target = 598A54D41AC22D850038ACB2 /* Reach */;
			targetProxy = 598A54EB1AC22D850038ACB2 /* PBXContainerItemProxy */;
		};
/* End PBXTargetDependency section */

/* Begin XCBuildConfiguration section */
		598A54F21AC22D850038ACB2 /* Debug */ = {
			isa = XCBuildConfiguration;
			buildSettings = {
				ALWAYS_SEARCH_USER_PATHS = NO;
				CLANG_CXX_LANGUAGE_STANDARD = "gnu++0x";
				CLANG_CXX_LIBRARY = "libc++";
				CLANG_ENABLE_MODULES = YES;
				CLANG_ENABLE_OBJC_ARC = YES;
				CLANG_WARN_BOOL_CONVERSION = YES;
				CLANG_WARN_CONSTANT_CONVERSION = YES;
				CLANG_WARN_DIRECT_OBJC_ISA_USAGE = YES_ERROR;
				CLANG_WARN_EMPTY_BODY = YES;
				CLANG_WARN_ENUM_CONVERSION = YES;
				CLANG_WARN_INT_CONVERSION = YES;
				CLANG_WARN_OBJC_ROOT_CLASS = YES_ERROR;
				CLANG_WARN_UNREACHABLE_CODE = YES;
				CLANG_WARN__DUPLICATE_METHOD_MATCH = YES;
				"CODE_SIGN_IDENTITY[sdk=iphoneos*]" = "iPhone Developer";
				COPY_PHASE_STRIP = NO;
				ENABLE_STRICT_OBJC_MSGSEND = YES;
				GCC_C_LANGUAGE_STANDARD = gnu99;
				GCC_DYNAMIC_NO_PIC = NO;
				GCC_OPTIMIZATION_LEVEL = 0;
				GCC_PREPROCESSOR_DEFINITIONS = (
					"DEBUG=1",
					"$(inherited)",
				);
				GCC_SYMBOLS_PRIVATE_EXTERN = NO;
				GCC_WARN_64_TO_32_BIT_CONVERSION = YES;
				GCC_WARN_ABOUT_RETURN_TYPE = YES_ERROR;
				GCC_WARN_UNDECLARED_SELECTOR = YES;
				GCC_WARN_UNINITIALIZED_AUTOS = YES_AGGRESSIVE;
				GCC_WARN_UNUSED_FUNCTION = YES;
				GCC_WARN_UNUSED_VARIABLE = YES;
				IPHONEOS_DEPLOYMENT_TARGET = 8.1;
				MTL_ENABLE_DEBUG_INFO = YES;
				ONLY_ACTIVE_ARCH = YES;
				OTHER_LDFLAGS = "-ObjC";
				SDKROOT = iphoneos;
				SWIFT_OPTIMIZATION_LEVEL = "-Onone";
			};
			name = Debug;
		};
		598A54F31AC22D850038ACB2 /* Release */ = {
			isa = XCBuildConfiguration;
			buildSettings = {
				ALWAYS_SEARCH_USER_PATHS = NO;
				CLANG_CXX_LANGUAGE_STANDARD = "gnu++0x";
				CLANG_CXX_LIBRARY = "libc++";
				CLANG_ENABLE_MODULES = YES;
				CLANG_ENABLE_OBJC_ARC = YES;
				CLANG_WARN_BOOL_CONVERSION = YES;
				CLANG_WARN_CONSTANT_CONVERSION = YES;
				CLANG_WARN_DIRECT_OBJC_ISA_USAGE = YES_ERROR;
				CLANG_WARN_EMPTY_BODY = YES;
				CLANG_WARN_ENUM_CONVERSION = YES;
				CLANG_WARN_INT_CONVERSION = YES;
				CLANG_WARN_OBJC_ROOT_CLASS = YES_ERROR;
				CLANG_WARN_UNREACHABLE_CODE = YES;
				CLANG_WARN__DUPLICATE_METHOD_MATCH = YES;
				"CODE_SIGN_IDENTITY[sdk=iphoneos*]" = "iPhone Developer";
				COPY_PHASE_STRIP = YES;
				ENABLE_NS_ASSERTIONS = NO;
				ENABLE_STRICT_OBJC_MSGSEND = YES;
				GCC_C_LANGUAGE_STANDARD = gnu99;
				GCC_WARN_64_TO_32_BIT_CONVERSION = YES;
				GCC_WARN_ABOUT_RETURN_TYPE = YES_ERROR;
				GCC_WARN_UNDECLARED_SELECTOR = YES;
				GCC_WARN_UNINITIALIZED_AUTOS = YES_AGGRESSIVE;
				GCC_WARN_UNUSED_FUNCTION = YES;
				GCC_WARN_UNUSED_VARIABLE = YES;
				IPHONEOS_DEPLOYMENT_TARGET = 8.1;
				MTL_ENABLE_DEBUG_INFO = NO;
				OTHER_LDFLAGS = "-ObjC";
				SDKROOT = iphoneos;
				VALIDATE_PRODUCT = YES;
			};
			name = Release;
		};
		598A54F51AC22D850038ACB2 /* Debug */ = {
			isa = XCBuildConfiguration;
			buildSettings = {
				ASSETCATALOG_COMPILER_APPICON_NAME = AppIcon;
				CLANG_ENABLE_MODULES = YES;
				FRAMEWORK_SEARCH_PATHS = (
					"$(inherited)",
					"$(PROJECT_DIR)",
				);
				INFOPLIST_FILE = Reach/Info.plist;
				LD_RUNPATH_SEARCH_PATHS = "$(inherited) @executable_path/Frameworks";
				PRODUCT_NAME = "$(TARGET_NAME)";
				SWIFT_OBJC_BRIDGING_HEADER = "Reach-Bridging-Header.h";
				SWIFT_OPTIMIZATION_LEVEL = "-Onone";
			};
			name = Debug;
		};
		598A54F61AC22D850038ACB2 /* Release */ = {
			isa = XCBuildConfiguration;
			buildSettings = {
				ASSETCATALOG_COMPILER_APPICON_NAME = AppIcon;
				CLANG_ENABLE_MODULES = YES;
				FRAMEWORK_SEARCH_PATHS = (
					"$(inherited)",
					"$(PROJECT_DIR)",
				);
				INFOPLIST_FILE = Reach/Info.plist;
				LD_RUNPATH_SEARCH_PATHS = "$(inherited) @executable_path/Frameworks";
				PRODUCT_NAME = "$(TARGET_NAME)";
				SWIFT_OBJC_BRIDGING_HEADER = "Reach-Bridging-Header.h";
			};
			name = Release;
		};
		598A54F81AC22D850038ACB2 /* Debug */ = {
			isa = XCBuildConfiguration;
			buildSettings = {
				BUNDLE_LOADER = "$(TEST_HOST)";
				FRAMEWORK_SEARCH_PATHS = (
					"$(SDKROOT)/Developer/Library/Frameworks",
					"$(inherited)",
				);
				GCC_PREPROCESSOR_DEFINITIONS = (
					"DEBUG=1",
					"$(inherited)",
				);
				INFOPLIST_FILE = ReachTests/Info.plist;
				LD_RUNPATH_SEARCH_PATHS = "$(inherited) @executable_path/Frameworks @loader_path/Frameworks";
				PRODUCT_NAME = "$(TARGET_NAME)";
				TEST_HOST = "$(BUILT_PRODUCTS_DIR)/Reach.app/Reach";
			};
			name = Debug;
		};
		598A54F91AC22D850038ACB2 /* Release */ = {
			isa = XCBuildConfiguration;
			buildSettings = {
				BUNDLE_LOADER = "$(TEST_HOST)";
				FRAMEWORK_SEARCH_PATHS = (
					"$(SDKROOT)/Developer/Library/Frameworks",
					"$(inherited)",
				);
				INFOPLIST_FILE = ReachTests/Info.plist;
				LD_RUNPATH_SEARCH_PATHS = "$(inherited) @executable_path/Frameworks @loader_path/Frameworks";
				PRODUCT_NAME = "$(TARGET_NAME)";
				TEST_HOST = "$(BUILT_PRODUCTS_DIR)/Reach.app/Reach";
			};
			name = Release;
		};
/* End XCBuildConfiguration section */

/* Begin XCConfigurationList section */
		598A54D01AC22D850038ACB2 /* Build configuration list for PBXProject "Reach" */ = {
			isa = XCConfigurationList;
			buildConfigurations = (
				598A54F21AC22D850038ACB2 /* Debug */,
				598A54F31AC22D850038ACB2 /* Release */,
			);
			defaultConfigurationIsVisible = 0;
			defaultConfigurationName = Release;
		};
		598A54F41AC22D850038ACB2 /* Build configuration list for PBXNativeTarget "Reach" */ = {
			isa = XCConfigurationList;
			buildConfigurations = (
				598A54F51AC22D850038ACB2 /* Debug */,
				598A54F61AC22D850038ACB2 /* Release */,
			);
			defaultConfigurationIsVisible = 0;
		};
		598A54F71AC22D850038ACB2 /* Build configuration list for PBXNativeTarget "ReachTests" */ = {
			isa = XCConfigurationList;
			buildConfigurations = (
				598A54F81AC22D850038ACB2 /* Debug */,
				598A54F91AC22D850038ACB2 /* Release */,
			);
			defaultConfigurationIsVisible = 0;
		};
/* End XCConfigurationList section */
	};
	rootObject = 598A54CD1AC22D850038ACB2 /* Project object */;
}
